
Microsoft Visual Studio Solution File, Format Version 12.00
# Visual Studio 14
VisualStudioVersion = 14.0.25123.0
MinimumVisualStudioVersion = 10.0.40219.1
Project("{FAE04EC0-301F-11D3-BF4B-00C04F79EFBC}") = "ConsoleApp", "ConsoleApp\ConsoleApp.csproj", "{FA55563B-8C9A-4966-A49D-FD7158F4C5F4}"
EndProject
Project("{FAE04EC0-301F-11D3-BF4B-00C04F79EFBC}") = "GRPersonService", "GRPersonService\GRPersonService.csproj", "{D71FA173-C166-4F7F-B868-2B99E40EF0D7}"
EndProject
Project("{FAE04EC0-301F-11D3-BF4B-00C04F79EFBC}") = "GRDataStructure", "GRDataStructure\GRDataStructure.csproj", "{097C030E-E755-492B-9D93-02B6EE04DDD0}"
EndProject
Project("{FAE04EC0-301F-11D3-BF4B-00C04F79EFBC}") = "GRDataStructure.NUnit", "GRDataStructure.NUnit\GRDataStructure.NUnit.csproj", "{0978BDD1-1DE8-4759-99D1-FE408490786C}"
EndProject
Global
	GlobalSection(SolutionConfigurationPlatforms) = preSolution
		Debug|Any CPU = Debug|Any CPU
		Release|Any CPU = Release|Any CPU
	EndGlobalSection
	GlobalSection(ProjectConfigurationPlatforms) = postSolution
		{FA55563B-8C9A-4966-A49D-FD7158F4C5F4}.Debug|Any CPU.ActiveCfg = Debug|Any CPU
		{FA55563B-8C9A-4966-A49D-FD7158F4C5F4}.Debug|Any CPU.Build.0 = Debug|Any CPU
		{FA55563B-8C9A-4966-A49D-FD7158F4C5F4}.Release|Any CPU.ActiveCfg = Release|Any CPU
		{FA55563B-8C9A-4966-A49D-FD7158F4C5F4}.Release|Any CPU.Build.0 = Release|Any CPU
		{D71FA173-C166-4F7F-B868-2B99E40EF0D7}.Debug|Any CPU.ActiveCfg = Debug|Any CPU
		{D71FA173-C166-4F7F-B868-2B99E40EF0D7}.Debug|Any CPU.Build.0 = Debug|Any CPU
		{D71FA173-C166-4F7F-B868-2B99E40EF0D7}.Release|Any CPU.ActiveCfg = Release|Any CPU
		{D71FA173-C166-4F7F-B868-2B99E40EF0D7}.Release|Any CPU.Build.0 = Release|Any CPU
		{097C030E-E755-492B-9D93-02B6EE04DDD0}.Debug|Any CPU.ActiveCfg = Debug|Any CPU
		{097C030E-E755-492B-9D93-02B6EE04DDD0}.Debug|Any CPU.Build.0 = Debug|Any CPU
		{097C030E-E755-492B-9D93-02B6EE04DDD0}.Release|Any CPU.ActiveCfg = Release|Any CPU
		{097C030E-E755-492B-9D93-02B6EE04DDD0}.Release|Any CPU.Build.0 = Release|Any CPU
		{0978BDD1-1DE8-4759-99D1-FE408490786C}.Debug|Any CPU.ActiveCfg = Debug|Any CPU
		{0978BDD1-1DE8-4759-99D1-FE408490786C}.Debug|Any CPU.Build.0 = Debug|Any CPU
		{0978BDD1-1DE8-4759-99D1-FE408490786C}.Release|Any CPU.ActiveCfg = Release|Any CPU
		{0978BDD1-1DE8-4759-99D1-FE408490786C}.Release|Any CPU.Build.0 = Release|Any CPU
	EndGlobalSection
	GlobalSection(SolutionProperties) = preSolution
		HideSolutionNode = FALSE
	EndGlobalSection
EndGlobal
